
Microsoft Visual Studio Solution File, Format Version 12.00
# Visual Studio Version 16
VisualStudioVersion = 16.0.30309.148
MinimumVisualStudioVersion = 10.0.40219.1
Project("{FAE04EC0-301F-11D3-BF4B-00C04F79EFBC}") = "customapi", "customapi\customapi.csproj", "{BEA666E4-2F02-41A4-A914-5C7BAFE29063}"
EndProject
Global
	GlobalSection(SolutionConfigurationPlatforms) = preSolution
		Debug|Any CPU = Debug|Any CPU
		Release|Any CPU = Release|Any CPU
	EndGlobalSection
	GlobalSection(ProjectConfigurationPlatforms) = postSolution
		{BEA666E4-2F02-41A4-A914-5C7BAFE29063}.Debug|Any CPU.ActiveCfg = Debug|Any CPU
		{BEA666E4-2F02-41A4-A914-5C7BAFE29063}.Debug|Any CPU.Build.0 = Debug|Any CPU
		{BEA666E4-2F02-41A4-A914-5C7BAFE29063}.Release|Any CPU.ActiveCfg = Release|Any CPU
		{BEA666E4-2F02-41A4-A914-5C7BAFE29063}.Release|Any CPU.Build.0 = Release|Any CPU
	EndGlobalSection
	GlobalSection(SolutionProperties) = preSolution
		HideSolutionNode = FALSE
	EndGlobalSection
	GlobalSection(ExtensibilityGlobals) = postSolution
		SolutionGuid = {0B198F53-0CAF-4BFF-A7BE-A7BD70F09A70}
	EndGlobalSection
EndGlobal
